
Microsoft Visual Studio Solution File, Format Version 12.00
# Visual Studio Version 17
VisualStudioVersion = 17.10.34916.146
MinimumVisualStudioVersion = 10.0.40219.1
Project("{FAE04EC0-301F-11D3-BF4B-00C04F79EFBC}") = "Models", "Models\Models.csproj", "{2B470BB5-4814-4365-81A8-9035F50D8662}"
EndProject
Project("{FAE04EC0-301F-11D3-BF4B-00C04F79EFBC}") = "ProjAndreVeiculos", "ProjAndreVeiculos\ProjAndreVeiculos.csproj", "{F49433DB-B2B4-4471-9D0A-8A6E4A5485CA}"
EndProject
Project("{FAE04EC0-301F-11D3-BF4B-00C04F79EFBC}") = "ProjApiCar", "ProjApiCar\ProjApiCar.csproj", "{8D584541-AA08-490C-96CD-8223948BE798}"
EndProject
Global
	GlobalSection(SolutionConfigurationPlatforms) = preSolution
		Debug|Any CPU = Debug|Any CPU
		Release|Any CPU = Release|Any CPU
	EndGlobalSection
	GlobalSection(ProjectConfigurationPlatforms) = postSolution
		{2B470BB5-4814-4365-81A8-9035F50D8662}.Debug|Any CPU.ActiveCfg = Debug|Any CPU
		{2B470BB5-4814-4365-81A8-9035F50D8662}.Debug|Any CPU.Build.0 = Debug|Any CPU
		{2B470BB5-4814-4365-81A8-9035F50D8662}.Release|Any CPU.ActiveCfg = Release|Any CPU
		{2B470BB5-4814-4365-81A8-9035F50D8662}.Release|Any CPU.Build.0 = Release|Any CPU
		{F49433DB-B2B4-4471-9D0A-8A6E4A5485CA}.Debug|Any CPU.ActiveCfg = Debug|Any CPU
		{F49433DB-B2B4-4471-9D0A-8A6E4A5485CA}.Debug|Any CPU.Build.0 = Debug|Any CPU
		{F49433DB-B2B4-4471-9D0A-8A6E4A5485CA}.Release|Any CPU.ActiveCfg = Release|Any CPU
		{F49433DB-B2B4-4471-9D0A-8A6E4A5485CA}.Release|Any CPU.Build.0 = Release|Any CPU
		{8D584541-AA08-490C-96CD-8223948BE798}.Debug|Any CPU.ActiveCfg = Debug|Any CPU
		{8D584541-AA08-490C-96CD-8223948BE798}.Debug|Any CPU.Build.0 = Debug|Any CPU
		{8D584541-AA08-490C-96CD-8223948BE798}.Release|Any CPU.ActiveCfg = Release|Any CPU
		{8D584541-AA08-490C-96CD-8223948BE798}.Release|Any CPU.Build.0 = Release|Any CPU
	EndGlobalSection
	GlobalSection(SolutionProperties) = preSolution
		HideSolutionNode = FALSE
	EndGlobalSection
	GlobalSection(ExtensibilityGlobals) = postSolution
		SolutionGuid = {E49D28CD-7DF2-41A8-8072-3C43FE68D8B4}
	EndGlobalSection
EndGlobal
